// !$*UTF8*$!
{
	archiveVersion = 1;
	classes = {
	};
	objectVersion = 56;
	objects = {

/* Begin PBXBuildFile section */
		8E47508E28EAC4D400EB54AC /* AppDelegate.swift in Sources */ = {isa = PBXBuildFile; fileRef = 8E47508D28EAC4D400EB54AC /* AppDelegate.swift */; };
		8E47509028EAC4D400EB54AC /* SceneDelegate.swift in Sources */ = {isa = PBXBuildFile; fileRef = 8E47508F28EAC4D400EB54AC /* SceneDelegate.swift */; };
		8E47509228EAC4D400EB54AC /* ViewController.swift in Sources */ = {isa = PBXBuildFile; fileRef = 8E47509128EAC4D400EB54AC /* ViewController.swift */; };
		8E47509528EAC4D400EB54AC /* Main.storyboard in Resources */ = {isa = PBXBuildFile; fileRef = 8E47509328EAC4D400EB54AC /* Main.storyboard */; };
		8E47509728EAC4D600EB54AC /* Assets.xcassets in Resources */ = {isa = PBXBuildFile; fileRef = 8E47509628EAC4D600EB54AC /* Assets.xcassets */; };
		8E47509A28EAC4D600EB54AC /* LaunchScreen.storyboard in Resources */ = {isa = PBXBuildFile; fileRef = 8E47509828EAC4D600EB54AC /* LaunchScreen.storyboard */; };
		8E4750A528EAC4D600EB54AC /* WordScrambleTests.swift in Sources */ = {isa = PBXBuildFile; fileRef = 8E4750A428EAC4D600EB54AC /* WordScrambleTests.swift */; };
		8E4750AF28EAC4D600EB54AC /* WordScrambleUITests.swift in Sources */ = {isa = PBXBuildFile; fileRef = 8E4750AE28EAC4D600EB54AC /* WordScrambleUITests.swift */; };
		8E4750B128EAC4D600EB54AC /* WordScrambleUITestsLaunchTests.swift in Sources */ = {isa = PBXBuildFile; fileRef = 8E4750B028EAC4D600EB54AC /* WordScrambleUITestsLaunchTests.swift */; };
		8E4750BE28EAC64600EB54AC /* start.txt in Resources */ = {isa = PBXBuildFile; fileRef = 8E4750BD28EAC64600EB54AC /* start.txt */; };
/* End PBXBuildFile section */

/* Begin PBXContainerItemProxy section */
		8E4750A128EAC4D600EB54AC /* PBXContainerItemProxy */ = {
			isa = PBXContainerItemProxy;
			containerPortal = 8E47508228EAC4D400EB54AC /* Project object */;
			proxyType = 1;
			remoteGlobalIDString = 8E47508928EAC4D400EB54AC;
			remoteInfo = WordScramble;
		};
		8E4750AB28EAC4D600EB54AC /* PBXContainerItemProxy */ = {
			isa = PBXContainerItemProxy;
			containerPortal = 8E47508228EAC4D400EB54AC /* Project object */;
			proxyType = 1;
			remoteGlobalIDString = 8E47508928EAC4D400EB54AC;
			remoteInfo = WordScramble;
		};
/* End PBXContainerItemProxy section */

/* Begin PBXFileReference section */
		8E47508A28EAC4D400EB54AC /* WordScramble.app */ = {isa = PBXFileReference; explicitFileType = wrapper.application; includeInIndex = 0; path = WordScramble.app; sourceTree = BUILT_PRODUCTS_DIR; };
		8E47508D28EAC4D400EB54AC /* AppDelegate.swift */ = {isa = PBXFileReference; lastKnownFileType = sourcecode.swift; path = AppDelegate.swift; sourceTree = "<group>"; };
		8E47508F28EAC4D400EB54AC /* SceneDelegate.swift */ = {isa = PBXFileReference; lastKnownFileType = sourcecode.swift; path = SceneDelegate.swift; sourceTree = "<group>"; };
		8E47509128EAC4D400EB54AC /* ViewController.swift */ = {isa = PBXFileReference; lastKnownFileType = sourcecode.swift; path = ViewController.swift; sourceTree = "<group>"; };
		8E47509428EAC4D400EB54AC /* Base */ = {isa = PBXFileReference; lastKnownFileType = file.storyboard; name = Base; path = Base.lproj/Main.storyboard; sourceTree = "<group>"; };
		8E47509628EAC4D600EB54AC /* Assets.xcassets */ = {isa = PBXFileReference; lastKnownFileType = folder.assetcatalog; path = Assets.xcassets; sourceTree = "<group>"; };
		8E47509928EAC4D600EB54AC /* Base */ = {isa = PBXFileReference; lastKnownFileType = file.storyboard; name = Base; path = Base.lproj/LaunchScreen.storyboard; sourceTree = "<group>"; };
		8E47509B28EAC4D600EB54AC /* Info.plist */ = {isa = PBXFileReference; lastKnownFileType = text.plist.xml; path = Info.plist; sourceTree = "<group>"; };
		8E4750A028EAC4D600EB54AC /* WordScrambleTests.xctest */ = {isa = PBXFileReference; explicitFileType = wrapper.cfbundle; includeInIndex = 0; path = WordScrambleTests.xctest; sourceTree = BUILT_PRODUCTS_DIR; };
		8E4750A428EAC4D600EB54AC /* WordScrambleTests.swift */ = {isa = PBXFileReference; lastKnownFileType = sourcecode.swift; path = WordScrambleTests.swift; sourceTree = "<group>"; };
		8E4750AA28EAC4D600EB54AC /* WordScrambleUITests.xctest */ = {isa = PBXFileReference; explicitFileType = wrapper.cfbundle; includeInIndex = 0; path = WordScrambleUITests.xctest; sourceTree = BUILT_PRODUCTS_DIR; };
		8E4750AE28EAC4D600EB54AC /* WordScrambleUITests.swift */ = {isa = PBXFileReference; lastKnownFileType = sourcecode.swift; path = WordScrambleUITests.swift; sourceTree = "<group>"; };
		8E4750B028EAC4D600EB54AC /* WordScrambleUITestsLaunchTests.swift */ = {isa = PBXFileReference; lastKnownFileType = sourcecode.swift; path = WordScrambleUITestsLaunchTests.swift; sourceTree = "<group>"; };
		8E4750BD28EAC64600EB54AC /* start.txt */ = {isa = PBXFileReference; fileEncoding = 4; lastKnownFileType = text; path = start.txt; sourceTree = "<group>"; };
/* End PBXFileReference section */

/* Begin PBXFrameworksBuildPhase section */
		8E47508728EAC4D400EB54AC /* Frameworks */ = {
			isa = PBXFrameworksBuildPhase;
			buildActionMask = 2147483647;
			files = (
			);
			runOnlyForDeploymentPostprocessing = 0;
		};
		8E47509D28EAC4D600EB54AC /* Frameworks */ = {
			isa = PBXFrameworksBuildPhase;
			buildActionMask = 2147483647;
			files = (
			);
			runOnlyForDeploymentPostprocessing = 0;
		};
		8E4750A728EAC4D600EB54AC /* Frameworks */ = {
			isa = PBXFrameworksBuildPhase;
			buildActionMask = 2147483647;
			files = (
			);
			runOnlyForDeploymentPostprocessing = 0;
		};
/* End PBXFrameworksBuildPhase section */

/* Begin PBXGroup section */
		8E47508128EAC4D400EB54AC = {
			isa = PBXGroup;
			children = (
				8E47508C28EAC4D400EB54AC /* WordScramble */,
				8E4750A328EAC4D600EB54AC /* WordScrambleTests */,
				8E4750AD28EAC4D600EB54AC /* WordScrambleUITests */,
				8E47508B28EAC4D400EB54AC /* Products */,
			);
			sourceTree = "<group>";
		};
		8E47508B28EAC4D400EB54AC /* Products */ = {
			isa = PBXGroup;
			children = (
				8E47508A28EAC4D400EB54AC /* WordScramble.app */,
				8E4750A028EAC4D600EB54AC /* WordScrambleTests.xctest */,
				8E4750AA28EAC4D600EB54AC /* WordScrambleUITests.xctest */,
			);
			name = Products;
			sourceTree = "<group>";
		};
		8E47508C28EAC4D400EB54AC /* WordScramble */ = {
			isa = PBXGroup;
			children = (
				8E47508D28EAC4D400EB54AC /* AppDelegate.swift */,
				8E47508F28EAC4D400EB54AC /* SceneDelegate.swift */,
				8E47509128EAC4D400EB54AC /* ViewController.swift */,
				8E47509328EAC4D400EB54AC /* Main.storyboard */,
				8E47509628EAC4D600EB54AC /* Assets.xcassets */,
				8E47509828EAC4D600EB54AC /* LaunchScreen.storyboard */,
				8E47509B28EAC4D600EB54AC /* Info.plist */,
				8E4750BD28EAC64600EB54AC /* start.txt */,
			);
			path = WordScramble;
			sourceTree = "<group>";
		};
		8E4750A328EAC4D600EB54AC /* WordScrambleTests */ = {
			isa = PBXGroup;
			children = (
				8E4750A428EAC4D600EB54AC /* WordScrambleTests.swift */,
			);
			path = WordScrambleTests;
			sourceTree = "<group>";
		};
		8E4750AD28EAC4D600EB54AC /* WordScrambleUITests */ = {
			isa = PBXGroup;
			children = (
				8E4750AE28EAC4D600EB54AC /* WordScrambleUITests.swift */,
				8E4750B028EAC4D600EB54AC /* WordScrambleUITestsLaunchTests.swift */,
			);
			path = WordScrambleUITests;
			sourceTree = "<group>";
		};
/* End PBXGroup section */

/* Begin PBXNativeTarget section */
		8E47508928EAC4D400EB54AC /* WordScramble */ = {
			isa = PBXNativeTarget;
			buildConfigurationList = 8E4750B428EAC4D600EB54AC /* Build configuration list for PBXNativeTarget "WordScramble" */;
			buildPhases = (
				8E47508628EAC4D400EB54AC /* Sources */,
				8E47508728EAC4D400EB54AC /* Frameworks */,
				8E47508828EAC4D400EB54AC /* Resources */,
			);
			buildRules = (
			);
			dependencies = (
			);
			name = WordScramble;
			productName = WordScramble;
			productReference = 8E47508A28EAC4D400EB54AC /* WordScramble.app */;
			productType = "com.apple.product-type.application";
		};
		8E47509F28EAC4D600EB54AC /* WordScrambleTests */ = {
			isa = PBXNativeTarget;
			buildConfigurationList = 8E4750B728EAC4D600EB54AC /* Build configuration list for PBXNativeTarget "WordScrambleTests" */;
			buildPhases = (
				8E47509C28EAC4D600EB54AC /* Sources */,
				8E47509D28EAC4D600EB54AC /* Frameworks */,
				8E47509E28EAC4D600EB54AC /* Resources */,
			);
			buildRules = (
			);
			dependencies = (
				8E4750A228EAC4D600EB54AC /* PBXTargetDependency */,
			);
			name = WordScrambleTests;
			productName = WordScrambleTests;
			productReference = 8E4750A028EAC4D600EB54AC /* WordScrambleTests.xctest */;
			productType = "com.apple.product-type.bundle.unit-test";
		};
		8E4750A928EAC4D600EB54AC /* WordScrambleUITests */ = {
			isa = PBXNativeTarget;
			buildConfigurationList = 8E4750BA28EAC4D600EB54AC /* Build configuration list for PBXNativeTarget "WordScrambleUITests" */;
			buildPhases = (
				8E4750A628EAC4D600EB54AC /* Sources */,
				8E4750A728EAC4D600EB54AC /* Frameworks */,
				8E4750A828EAC4D600EB54AC /* Resources */,
			);
			buildRules = (
			);
			dependencies = (
				8E4750AC28EAC4D600EB54AC /* PBXTargetDependency */,
			);
			name = WordScrambleUITests;
			productName = WordScrambleUITests;
			productReference = 8E4750AA28EAC4D600EB54AC /* WordScrambleUITests.xctest */;
			productType = "com.apple.product-type.bundle.ui-testing";
		};
/* End PBXNativeTarget section */

/* Begin PBXProject section */
		8E47508228EAC4D400EB54AC /* Project object */ = {
			isa = PBXProject;
			attributes = {
				BuildIndependentTargetsInParallel = 1;
				LastSwiftUpdateCheck = 1400;
				LastUpgradeCheck = 1400;
				TargetAttributes = {
					8E47508928EAC4D400EB54AC = {
						CreatedOnToolsVersion = 14.0.1;
					};
					8E47509F28EAC4D600EB54AC = {
						CreatedOnToolsVersion = 14.0.1;
						TestTargetID = 8E47508928EAC4D400EB54AC;
					};
					8E4750A928EAC4D600EB54AC = {
						CreatedOnToolsVersion = 14.0.1;
						TestTargetID = 8E47508928EAC4D400EB54AC;
					};
				};
			};
			buildConfigurationList = 8E47508528EAC4D400EB54AC /* Build configuration list for PBXProject "WordScramble" */;
			compatibilityVersion = "Xcode 14.0";
			developmentRegion = en;
			hasScannedForEncodings = 0;
			knownRegions = (
				en,
				Base,
			);
			mainGroup = 8E47508128EAC4D400EB54AC;
			productRefGroup = 8E47508B28EAC4D400EB54AC /* Products */;
			projectDirPath = "";
			projectRoot = "";
			targets = (
				8E47508928EAC4D400EB54AC /* WordScramble */,
				8E47509F28EAC4D600EB54AC /* WordScrambleTests */,
				8E4750A928EAC4D600EB54AC /* WordScrambleUITests */,
			);
		};
/* End PBXProject section */

/* Begin PBXResourcesBuildPhase section */
		8E47508828EAC4D400EB54AC /* Resources */ = {
			isa = PBXResourcesBuildPhase;
			buildActionMask = 2147483647;
			files = (
				8E47509A28EAC4D600EB54AC /* LaunchScreen.storyboard in Resources */,
				8E4750BE28EAC64600EB54AC /* start.txt in Resources */,
				8E47509728EAC4D600EB54AC /* Assets.xcassets in Resources */,
				8E47509528EAC4D400EB54AC /* Main.storyboard in Resources */,
			);
			runOnlyForDeploymentPostprocessing = 0;
		};
		8E47509E28EAC4D600EB54AC /* Resources */ = {
			isa = PBXResourcesBuildPhase;
			buildActionMask = 2147483647;
			files = (
			);
			runOnlyForDeploymentPostprocessing = 0;
		};
		8E4750A828EAC4D600EB54AC /* Resources */ = {
			isa = PBXResourcesBuildPhase;
			buildActionMask = 2147483647;
			files = (
			);
			runOnlyForDeploymentPostprocessing = 0;
		};
/* End PBXResourcesBuildPhase section */

/* Begin PBXSourcesBuildPhase section */
		8E47508628EAC4D400EB54AC /* Sources */ = {
			isa = PBXSourcesBuildPhase;
			buildActionMask = 2147483647;
			files = (
				8E47509228EAC4D400EB54AC /* ViewController.swift in Sources */,
				8E47508E28EAC4D400EB54AC /* AppDelegate.swift in Sources */,
				8E47509028EAC4D400EB54AC /* SceneDelegate.swift in Sources */,
			);
			runOnlyForDeploymentPostprocessing = 0;
		};
		8E47509C28EAC4D600EB54AC /* Sources */ = {
			isa = PBXSourcesBuildPhase;
			buildActionMask = 2147483647;
			files = (
				8E4750A528EAC4D600EB54AC /* WordScrambleTests.swift in Sources */,
			);
			runOnlyForDeploymentPostprocessing = 0;
		};
		8E4750A628EAC4D600EB54AC /* Sources */ = {
			isa = PBXSourcesBuildPhase;
			buildActionMask = 2147483647;
			files = (
				8E4750AF28EAC4D600EB54AC /* WordScrambleUITests.swift in Sources */,
				8E4750B128EAC4D600EB54AC /* WordScrambleUITestsLaunchTests.swift in Sources */,
			);
			runOnlyForDeploymentPostprocessing = 0;
		};
/* End PBXSourcesBuildPhase section */

/* Begin PBXTargetDependency section */
		8E4750A228EAC4D600EB54AC /* PBXTargetDependency */ = {
			isa = PBXTargetDependency;
			target = 8E47508928EAC4D400EB54AC /* WordScramble */;
			targetProxy = 8E4750A128EAC4D600EB54AC /* PBXContainerItemProxy */;
		};
		8E4750AC28EAC4D600EB54AC /* PBXTargetDependency */ = {
			isa = PBXTargetDependency;
			target = 8E47508928EAC4D400EB54AC /* WordScramble */;
			targetProxy = 8E4750AB28EAC4D600EB54AC /* PBXContainerItemProxy */;
		};
/* End PBXTargetDependency section */

/* Begin PBXVariantGroup section */
		8E47509328EAC4D400EB54AC /* Main.storyboard */ = {
			isa = PBXVariantGroup;
			children = (
				8E47509428EAC4D400EB54AC /* Base */,
			);
			name = Main.storyboard;
			sourceTree = "<group>";
		};
		8E47509828EAC4D600EB54AC /* LaunchScreen.storyboard */ = {
			isa = PBXVariantGroup;
			children = (
				8E47509928EAC4D600EB54AC /* Base */,
			);
			name = LaunchScreen.storyboard;
			sourceTree = "<group>";
		};
/* End PBXVariantGroup section */

/* Begin XCBuildConfiguration section */
		8E4750B228EAC4D600EB54AC /* Debug */ = {
			isa = XCBuildConfiguration;
			buildSettings = {
				ALWAYS_SEARCH_USER_PATHS = NO;
				CLANG_ANALYZER_NONNULL = YES;
				CLANG_ANALYZER_NUMBER_OBJECT_CONVERSION = YES_AGGRESSIVE;
				CLANG_CXX_LANGUAGE_STANDARD = "gnu++20";
				CLANG_ENABLE_MODULES = YES;
				CLANG_ENABLE_OBJC_ARC = YES;
				CLANG_ENABLE_OBJC_WEAK = YES;
				CLANG_WARN_BLOCK_CAPTURE_AUTORELEASING = YES;
				CLANG_WARN_BOOL_CONVERSION = YES;
				CLANG_WARN_COMMA = YES;
				CLANG_WARN_CONSTANT_CONVERSION = YES;
				CLANG_WARN_DEPRECATED_OBJC_IMPLEMENTATIONS = YES;
				CLANG_WARN_DIRECT_OBJC_ISA_USAGE = YES_ERROR;
				CLANG_WARN_DOCUMENTATION_COMMENTS = YES;
				CLANG_WARN_EMPTY_BODY = YES;
				CLANG_WARN_ENUM_CONVERSION = YES;
				CLANG_WARN_INFINITE_RECURSION = YES;
				CLANG_WARN_INT_CONVERSION = YES;
				CLANG_WARN_NON_LITERAL_NULL_CONVERSION = YES;
				CLANG_WARN_OBJC_IMPLICIT_RETAIN_SELF = YES;
				CLANG_WARN_OBJC_LITERAL_CONVERSION = YES;
				CLANG_WARN_OBJC_ROOT_CLASS = YES_ERROR;
				CLANG_WARN_QUOTED_INCLUDE_IN_FRAMEWORK_HEADER = YES;
				CLANG_WARN_RANGE_LOOP_ANALYSIS = YES;
				CLANG_WARN_STRICT_PROTOTYPES = YES;
				CLANG_WARN_SUSPICIOUS_MOVE = YES;
				CLANG_WARN_UNGUARDED_AVAILABILITY = YES_AGGRESSIVE;
				CLANG_WARN_UNREACHABLE_CODE = YES;
				CLANG_WARN__DUPLICATE_METHOD_MATCH = YES;
				COPY_PHASE_STRIP = NO;
				DEBUG_INFORMATION_FORMAT = dwarf;
				ENABLE_STRICT_OBJC_MSGSEND = YES;
				ENABLE_TESTABILITY = YES;
				GCC_C_LANGUAGE_STANDARD = gnu11;
				GCC_DYNAMIC_NO_PIC = NO;
				GCC_NO_COMMON_BLOCKS = YES;
				GCC_OPTIMIZATION_LEVEL = 0;
				GCC_PREPROCESSOR_DEFINITIONS = (
					"DEBUG=1",
					"$(inherited)",
				);
				GCC_WARN_64_TO_32_BIT_CONVERSION = YES;
				GCC_WARN_ABOUT_RETURN_TYPE = YES_ERROR;
				GCC_WARN_UNDECLARED_SELECTOR = YES;
				GCC_WARN_UNINITIALIZED_AUTOS = YES_AGGRESSIVE;
				GCC_WARN_UNUSED_FUNCTION = YES;
				GCC_WARN_UNUSED_VARIABLE = YES;
				IPHONEOS_DEPLOYMENT_TARGET = 16.0;
				MTL_ENABLE_DEBUG_INFO = INCLUDE_SOURCE;
				MTL_FAST_MATH = YES;
				ONLY_ACTIVE_ARCH = YES;
				SDKROOT = iphoneos;
				SWIFT_ACTIVE_COMPILATION_CONDITIONS = DEBUG;
				SWIFT_OPTIMIZATION_LEVEL = "-Onone";
			};
			name = Debug;
		};
		8E4750B328EAC4D600EB54AC /* Release */ = {
			isa = XCBuildConfiguration;
			buildSettings = {
				ALWAYS_SEARCH_USER_PATHS = NO;
				CLANG_ANALYZER_NONNULL = YES;
				CLANG_ANALYZER_NUMBER_OBJECT_CONVERSION = YES_AGGRESSIVE;
				CLANG_CXX_LANGUAGE_STANDARD = "gnu++20";
				CLANG_ENABLE_MODULES = YES;
				CLANG_ENABLE_OBJC_ARC = YES;
				CLANG_ENABLE_OBJC_WEAK = YES;
				CLANG_WARN_BLOCK_CAPTURE_AUTORELEASING = YES;
				CLANG_WARN_BOOL_CONVERSION = YES;
				CLANG_WARN_COMMA = YES;
				CLANG_WARN_CONSTANT_CONVERSION = YES;
				CLANG_WARN_DEPRECATED_OBJC_IMPLEMENTATIONS = YES;
				CLANG_WARN_DIRECT_OBJC_ISA_USAGE = YES_ERROR;
				CLANG_WARN_DOCUMENTATION_COMMENTS = YES;
				CLANG_WARN_EMPTY_BODY = YES;
				CLANG_WARN_ENUM_CONVERSION = YES;
				CLANG_WARN_INFINITE_RECURSION = YES;
				CLANG_WARN_INT_CONVERSION = YES;
				CLANG_WARN_NON_LITERAL_NULL_CONVERSION = YES;
				CLANG_WARN_OBJC_IMPLICIT_RETAIN_SELF = YES;
				CLANG_WARN_OBJC_LITERAL_CONVERSION = YES;
				CLANG_WARN_OBJC_ROOT_CLASS = YES_ERROR;
				CLANG_WARN_QUOTED_INCLUDE_IN_FRAMEWORK_HEADER = YES;
				CLANG_WARN_RANGE_LOOP_ANALYSIS = YES;
				CLANG_WARN_STRICT_PROTOTYPES = YES;
				CLANG_WARN_SUSPICIOUS_MOVE = YES;
				CLANG_WARN_UNGUARDED_AVAILABILITY = YES_AGGRESSIVE;
				CLANG_WARN_UNREACHABLE_CODE = YES;
				CLANG_WARN__DUPLICATE_METHOD_MATCH = YES;
				COPY_PHASE_STRIP = NO;
				DEBUG_INFORMATION_FORMAT = "dwarf-with-dsym";
				ENABLE_NS_ASSERTIONS = NO;
				ENABLE_STRICT_OBJC_MSGSEND = YES;
				GCC_C_LANGUAGE_STANDARD = gnu11;
				GCC_NO_COMMON_BLOCKS = YES;
				GCC_WARN_64_TO_32_BIT_CONVERSION = YES;
				GCC_WARN_ABOUT_RETURN_TYPE = YES_ERROR;
				GCC_WARN_UNDECLARED_SELECTOR = YES;
				GCC_WARN_UNINITIALIZED_AUTOS = YES_AGGRESSIVE;
				GCC_WARN_UNUSED_FUNCTION = YES;
				GCC_WARN_UNUSED_VARIABLE = YES;
				IPHONEOS_DEPLOYMENT_TARGET = 16.0;
				MTL_ENABLE_DEBUG_INFO = NO;
				MTL_FAST_MATH = YES;
				SDKROOT = iphoneos;
				SWIFT_COMPILATION_MODE = wholemodule;
				SWIFT_OPTIMIZATION_LEVEL = "-O";
				VALIDATE_PRODUCT = YES;
			};
			name = Release;
		};
		8E4750B528EAC4D600EB54AC /* Debug */ = {
			isa = XCBuildConfiguration;
			buildSettings = {
				ASSETCATALOG_COMPILER_APPICON_NAME = AppIcon;
				ASSETCATALOG_COMPILER_GLOBAL_ACCENT_COLOR_NAME = AccentColor;
				CODE_SIGN_STYLE = Automatic;
				CURRENT_PROJECT_VERSION = 1;
				GENERATE_INFOPLIST_FILE = YES;
				INFOPLIST_FILE = WordScramble/Info.plist;
				INFOPLIST_KEY_UIApplicationSupportsIndirectInputEvents = YES;
				INFOPLIST_KEY_UILaunchStoryboardName = LaunchScreen;
				INFOPLIST_KEY_UIMainStoryboardFile = Main;
				INFOPLIST_KEY_UISupportedInterfaceOrientations_iPad = "UIInterfaceOrientationPortrait UIInterfaceOrientationPortraitUpsideDown UIInterfaceOrientationLandscapeLeft UIInterfaceOrientationLandscapeRight";
				INFOPLIST_KEY_UISupportedInterfaceOrientations_iPhone = "UIInterfaceOrientationPortrait UIInterfaceOrientationLandscapeLeft UIInterfaceOrientationLandscapeRight";
				LD_RUNPATH_SEARCH_PATHS = (
					"$(inherited)",
					"@executable_path/Frameworks",
				);
				MARKETING_VERSION = 1.0;
				PRODUCT_BUNDLE_IDENTIFIER = com.yusuffproduction.WordScramble;
				PRODUCT_NAME = "$(TARGET_NAME)";
				SWIFT_EMIT_LOC_STRINGS = YES;
				SWIFT_VERSION = 5.0;
				TARGETED_DEVICE_FAMILY = "1,2";
			};
			name = Debug;
		};
		8E4750B628EAC4D600EB54AC /* Release */ = {
			isa = XCBuildConfiguration;
			buildSettings = {
				ASSETCATALOG_COMPILER_APPICON_NAME = AppIcon;
				ASSETCATALOG_COMPILER_GLOBAL_ACCENT_COLOR_NAME = AccentColor;
				CODE_SIGN_STYLE = Automatic;
				CURRENT_PROJECT_VERSION = 1;
				GENERATE_INFOPLIST_FILE = YES;
				INFOPLIST_FILE = WordScramble/Info.plist;
				INFOPLIST_KEY_UIApplicationSupportsIndirectInputEvents = YES;
				INFOPLIST_KEY_UILaunchStoryboardName = LaunchScreen;
				INFOPLIST_KEY_UIMainStoryboardFile = Main;
				INFOPLIST_KEY_UISupportedInterfaceOrientations_iPad = "UIInterfaceOrientationPortrait UIInterfaceOrientationPortraitUpsideDown UIInterfaceOrientationLandscapeLeft UIInterfaceOrientationLandscapeRight";
				INFOPLIST_KEY_UISupportedInterfaceOrientations_iPhone = "UIInterfaceOrientationPortrait UIInterfaceOrientationLandscapeLeft UIInterfaceOrientationLandscapeRight";
				LD_RUNPATH_SEARCH_PATHS = (
					"$(inherited)",
					"@executable_path/Frameworks",
				);
				MARKETING_VERSION = 1.0;
				PRODUCT_BUNDLE_IDENTIFIER = com.yusuffproduction.WordScramble;
				PRODUCT_NAME = "$(TARGET_NAME)";
				SWIFT_EMIT_LOC_STRINGS = YES;
				SWIFT_VERSION = 5.0;
				TARGETED_DEVICE_FAMILY = "1,2";
			};
			name = Release;
		};
		8E4750B828EAC4D600EB54AC /* Debug */ = {
			isa = XCBuildConfiguration;
			buildSettings = {
				ALWAYS_EMBED_SWIFT_STANDARD_LIBRARIES = YES;
				BUNDLE_LOADER = "$(TEST_HOST)";
				CODE_SIGN_STYLE = Automatic;
				CURRENT_PROJECT_VERSION = 1;
				GENERATE_INFOPLIST_FILE = YES;
				IPHONEOS_DEPLOYMENT_TARGET = 16.0;
				MARKETING_VERSION = 1.0;
				PRODUCT_BUNDLE_IDENTIFIER = com.yusuffproduction.WordScrambleTests;
				PRODUCT_NAME = "$(TARGET_NAME)";
				SWIFT_EMIT_LOC_STRINGS = NO;
				SWIFT_VERSION = 5.0;
				TARGETED_DEVICE_FAMILY = "1,2";
				TEST_HOST = "$(BUILT_PRODUCTS_DIR)/WordScramble.app/$(BUNDLE_EXECUTABLE_FOLDER_PATH)/WordScramble";
			};
			name = Debug;
		};
		8E4750B928EAC4D600EB54AC /* Release */ = {
			isa = XCBuildConfiguration;
			buildSettings = {
				ALWAYS_EMBED_SWIFT_STANDARD_LIBRARIES = YES;
				BUNDLE_LOADER = "$(TEST_HOST)";
				CODE_SIGN_STYLE = Automatic;
				CURRENT_PROJECT_VERSION = 1;
				GENERATE_INFOPLIST_FILE = YES;
				IPHONEOS_DEPLOYMENT_TARGET = 16.0;
				MARKETING_VERSION = 1.0;
				PRODUCT_BUNDLE_IDENTIFIER = com.yusuffproduction.WordScrambleTests;
				PRODUCT_NAME = "$(TARGET_NAME)";
				SWIFT_EMIT_LOC_STRINGS = NO;
				SWIFT_VERSION = 5.0;
				TARGETED_DEVICE_FAMILY = "1,2";
				TEST_HOST = "$(BUILT_PRODUCTS_DIR)/WordScramble.app/$(BUNDLE_EXECUTABLE_FOLDER_PATH)/WordScramble";
			};
			name = Release;
		};
		8E4750BB28EAC4D600EB54AC /* Debug */ = {
			isa = XCBuildConfiguration;
			buildSettings = {
				ALWAYS_EMBED_SWIFT_STANDARD_LIBRARIES = YES;
				CODE_SIGN_STYLE = Automatic;
				CURRENT_PROJECT_VERSION = 1;
				GENERATE_INFOPLIST_FILE = YES;
				MARKETING_VERSION = 1.0;
				PRODUCT_BUNDLE_IDENTIFIER = com.yusuffproduction.WordScrambleUITests;
				PRODUCT_NAME = "$(TARGET_NAME)";
				SWIFT_EMIT_LOC_STRINGS = NO;
				SWIFT_VERSION = 5.0;
				TARGETED_DEVICE_FAMILY = "1,2";
				TEST_TARGET_NAME = WordScramble;
			};
			name = Debug;
		};
		8E4750BC28EAC4D600EB54AC /* Release */ = {
			isa = XCBuildConfiguration;
			buildSettings = {
				ALWAYS_EMBED_SWIFT_STANDARD_LIBRARIES = YES;
				CODE_SIGN_STYLE = Automatic;
				CURRENT_PROJECT_VERSION = 1;
				GENERATE_INFOPLIST_FILE = YES;
				MARKETING_VERSION = 1.0;
				PRODUCT_BUNDLE_IDENTIFIER = com.yusuffproduction.WordScrambleUITests;
				PRODUCT_NAME = "$(TARGET_NAME)";
				SWIFT_EMIT_LOC_STRINGS = NO;
				SWIFT_VERSION = 5.0;
				TARGETED_DEVICE_FAMILY = "1,2";
				TEST_TARGET_NAME = WordScramble;
			};
			name = Release;
		};
/* End XCBuildConfiguration section */

/* Begin XCConfigurationList section */
		8E47508528EAC4D400EB54AC /* Build configuration list for PBXProject "WordScramble" */ = {
			isa = XCConfigurationList;
			buildConfigurations = (
				8E4750B228EAC4D600EB54AC /* Debug */,
				8E4750B328EAC4D600EB54AC /* Release */,
			);
			defaultConfigurationIsVisible = 0;
			defaultConfigurationName = Release;
		};
		8E4750B428EAC4D600EB54AC /* Build configuration list for PBXNativeTarget "WordScramble" */ = {
			isa = XCConfigurationList;
			buildConfigurations = (
				8E4750B528EAC4D600EB54AC /* Debug */,
				8E4750B628EAC4D600EB54AC /* Release */,
			);
			defaultConfigurationIsVisible = 0;
			defaultConfigurationName = Release;
		};
		8E4750B728EAC4D600EB54AC /* Build configuration list for PBXNativeTarget "WordScrambleTests" */ = {
			isa = XCConfigurationList;
			buildConfigurations = (
				8E4750B828EAC4D600EB54AC /* Debug */,
				8E4750B928EAC4D600EB54AC /* Release */,
			);
			defaultConfigurationIsVisible = 0;
			defaultConfigurationName = Release;
		};
		8E4750BA28EAC4D600EB54AC /* Build configuration list for PBXNativeTarget "WordScrambleUITests" */ = {
			isa = XCConfigurationList;
			buildConfigurations = (
				8E4750BB28EAC4D600EB54AC /* Debug */,
				8E4750BC28EAC4D600EB54AC /* Release */,
			);
			defaultConfigurationIsVisible = 0;
			defaultConfigurationName = Release;
		};
/* End XCConfigurationList section */
	};
	rootObject = 8E47508228EAC4D400EB54AC /* Project object */;
}
